# generated by rye
# use `rye lock` or `rye sync` to update this lockfile
#
# last locked with the following flags:
#   pre: false
#   features: []
#   all-features: false
#   with-sources: false

-e file:.
acvl-utils==0.2.5
    # via nnunetv2
aggdraw==1.3.19
    # via psd-tools
anyio==4.9.0
    # via httpx
appnope==0.1.4
    # via ipykernel
argparse==1.4.0
    # via unittest2
asttokens==3.0.0
    # via stack-data
attrs==25.3.0
    # via psd-tools
batchgenerators==0.25.1
    # via acvl-utils
    # via batchgeneratorsv2
    # via nnunetv2
batchgeneratorsv2==0.2.3
    # via nnunetv2
blosc2==3.0.0b4
    # via acvl-utils
    # via nnunetv2
certifi==2025.1.31
    # via httpcore
    # via httpx
    # via requests
charset-normalizer==3.4.1
    # via requests
comm==0.2.2
    # via ipykernel
    # via ipywidgets
connected-components-3d==3.23.0
    # via acvl-utils
contourpy==1.3.1
    # via matplotlib
cycler==0.12.1
    # via matplotlib
debugpy==1.8.13
    # via ipykernel
decorator==5.2.1
    # via ipython
dicom2nifti==2.6.0
    # via nnunetv2
docopt==0.6.2
    # via psd-tools
dynamic-network-architectures==0.3.1
    # via nnunetv2
einops==0.8.1
    # via nnunetv2
exceptiongroup==1.2.2
    # via anyio
    # via ipython
executing==2.2.0
    # via stack-data
fft-conv-pytorch==1.2.0
    # via batchgeneratorsv2
filelock==3.18.0
    # via torch
fonttools==4.56.0
    # via matplotlib
fsspec==2025.3.0
    # via torch
future==1.0.0
    # via batchgenerators
graphviz==0.20.3
    # via nnunetv2
h11==0.14.0
    # via httpcore
httpcore==1.0.7
    # via httpx
httpx==0.28.1
    # via blosc2
idna==3.10
    # via anyio
    # via httpx
    # via requests
imagecodecs==2024.12.30
    # via nnunetv2
imageio==2.37.0
    # via scikit-image
importlib-resources==6.5.2
    # via nibabel
ipykernel==6.29.5
    # via nnunetv2
ipython==8.34.0
    # via ipykernel
    # via ipywidgets
ipywidgets==8.1.5
    # via nnunetv2
jedi==0.19.2
    # via ipython
jinja2==3.1.6
    # via torch
joblib==1.4.2
    # via scikit-learn
jupyter-client==8.6.3
    # via ipykernel
jupyter-core==5.7.2
    # via ipykernel
    # via jupyter-client
jupyterlab-widgets==3.0.13
    # via ipywidgets
kiwisolver==1.4.8
    # via matplotlib
lazy-loader==0.4
    # via scikit-image
linecache2==1.0.0
    # via traceback2
markupsafe==3.0.2
    # via jinja2
matplotlib==3.10.1
    # via nnunetv2
    # via seaborn
matplotlib-inline==0.1.7
    # via ipykernel
    # via ipython
mpmath==1.3.0
    # via sympy
msgpack==1.1.0
    # via blosc2
ndindex==1.9.2
    # via blosc2
nest-asyncio==1.6.0
    # via ipykernel
networkx==3.4.2
    # via scikit-image
    # via torch
nibabel==5.3.2
    # via dicom2nifti
    # via nnunetv2
numexpr==2.10.2
    # via blosc2
numpy==2.2.4
    # via acvl-utils
    # via batchgenerators
    # via batchgeneratorsv2
    # via blosc2
    # via connected-components-3d
    # via contourpy
    # via dicom2nifti
    # via dynamic-network-architectures
    # via fft-conv-pytorch
    # via imagecodecs
    # via imageio
    # via matplotlib
    # via nibabel
    # via nnunetv2
    # via numexpr
    # via pandas
    # via psd-tools
    # via scikit-image
    # via scikit-learn
    # via scipy
    # via seaborn
    # via tifffile
    # via torchvision
packaging==24.2
    # via ipykernel
    # via lazy-loader
    # via matplotlib
    # via nibabel
    # via scikit-image
pandas==2.2.3
    # via batchgenerators
    # via nnunetv2
    # via seaborn
parso==0.8.4
    # via jedi
pexpect==4.9.0
    # via ipython
pillow==11.1.0
    # via batchgenerators
    # via imageio
    # via matplotlib
    # via psd-tools
    # via scikit-image
    # via torchvision
platformdirs==4.3.7
    # via jupyter-core
prompt-toolkit==3.0.50
    # via ipython
psd-tools==1.10.7
    # via nnunetv2
psutil==7.0.0
    # via ipykernel
ptyprocess==0.7.0
    # via pexpect
pure-eval==0.2.3
    # via stack-data
py-cpuinfo==9.0.0
    # via blosc2
pydicom==3.0.1
    # via dicom2nifti
pygments==2.19.1
    # via ipython
pyparsing==3.2.3
    # via matplotlib
python-dateutil==2.9.0.post0
    # via jupyter-client
    # via matplotlib
    # via pandas
python-gdcm==3.0.24.1
    # via dicom2nifti
pytz==2025.2
    # via pandas
pyyaml==6.0.2
    # via yacs
pyzmq==26.3.0
    # via ipykernel
    # via jupyter-client
requests==2.32.3
    # via nnunetv2
scikit-image==0.25.2
    # via acvl-utils
    # via batchgenerators
    # via nnunetv2
    # via psd-tools
scikit-learn==1.6.1
    # via batchgenerators
    # via nnunetv2
scipy==1.15.2
    # via batchgenerators
    # via dicom2nifti
    # via nnunetv2
    # via psd-tools
    # via scikit-image
    # via scikit-learn
seaborn==0.13.2
    # via nnunetv2
simpleitk==2.4.1
    # via acvl-utils
    # via nnunetv2
six==1.17.0
    # via python-dateutil
    # via unittest2
sniffio==1.3.1
    # via anyio
stack-data==0.6.3
    # via ipython
sympy==1.13.1
    # via torch
threadpoolctl==3.6.0
    # via batchgenerators
    # via scikit-learn
tifffile==2025.3.13
    # via nnunetv2
    # via scikit-image
torch==2.6.0
    # via acvl-utils
    # via batchgeneratorsv2
    # via dynamic-network-architectures
    # via fft-conv-pytorch
    # via nnunetv2
    # via torchaudio
    # via torchvision
torchaudio==2.6.0
    # via nnunetv2
torchvision==0.21.0
    # via nnunetv2
tornado==6.4.2
    # via ipykernel
    # via jupyter-client
tqdm==4.67.1
    # via nnunetv2
traceback2==1.4.0
    # via unittest2
traitlets==5.14.3
    # via comm
    # via ipykernel
    # via ipython
    # via ipywidgets
    # via jupyter-client
    # via jupyter-core
    # via matplotlib-inline
typing-extensions==4.13.0
    # via anyio
    # via ipython
    # via nibabel
    # via psd-tools
    # via torch
tzdata==2025.2
    # via pandas
unittest2==1.1.0
    # via batchgenerators
urllib3==2.3.0
    # via requests
wcwidth==0.2.13
    # via prompt-toolkit
widgetsnbextension==4.0.13
    # via ipywidgets
yacs==0.1.8
    # via nnunetv2
